
Microsoft Visual Studio Solution File, Format Version 12.00
# Visual Studio Version 17
VisualStudioVersion = 17.9.34902.65
MinimumVisualStudioVersion = 10.0.40219.1
Project("{FAE04EC0-301F-11D3-BF4B-00C04F79EFBC}") = "NumToWord", "NumToWord\NumToWord.csproj", "{438A6DA6-7EF3-4727-9594-667E62BB16FE}"
EndProject
Global
	GlobalSection(SolutionConfigurationPlatforms) = preSolution
		Debug|Any CPU = Debug|Any CPU
		Release|Any CPU = Release|Any CPU
	EndGlobalSection
	GlobalSection(ProjectConfigurationPlatforms) = postSolution
		{438A6DA6-7EF3-4727-9594-667E62BB16FE}.Debug|Any CPU.ActiveCfg = Debug|Any CPU
		{438A6DA6-7EF3-4727-9594-667E62BB16FE}.Debug|Any CPU.Build.0 = Debug|Any CPU
		{438A6DA6-7EF3-4727-9594-667E62BB16FE}.Release|Any CPU.ActiveCfg = Release|Any CPU
		{438A6DA6-7EF3-4727-9594-667E62BB16FE}.Release|Any CPU.Build.0 = Release|Any CPU
	EndGlobalSection
	GlobalSection(SolutionProperties) = preSolution
		HideSolutionNode = FALSE
	EndGlobalSection
	GlobalSection(ExtensibilityGlobals) = postSolution
		SolutionGuid = {B2CD6C8D-7DCE-489B-8CD1-1677505DAF05}
	EndGlobalSection
EndGlobal
